
Microsoft Visual Studio Solution File, Format Version 11.00
# Visual Studio 2010
Project("{FAE04EC0-301F-11D3-BF4B-00C04F79EFBC}") = "projectFornax", "Assembly-CSharp.csproj", "{CFDEE3B6-DB8D-9C78-6365-BC9F679F8000}"
EndProject
Project("{FAE04EC0-301F-11D3-BF4B-00C04F79EFBC}") = "projectFornax", "Assembly-CSharp-Editor-firstpass.csproj", "{BEBB76F7-F723-64A7-402C-E7A061FB5EBA}"
EndProject
Global
	GlobalSection(SolutionConfigurationPlatforms) = preSolution
		Debug|Any CPU = Debug|Any CPU
		Release|Any CPU = Release|Any CPU
	EndGlobalSection
	GlobalSection(ProjectConfigurationPlatforms) = postSolution
		{CFDEE3B6-DB8D-9C78-6365-BC9F679F8000}.Debug|Any CPU.ActiveCfg = Debug|Any CPU
		{CFDEE3B6-DB8D-9C78-6365-BC9F679F8000}.Debug|Any CPU.Build.0 = Debug|Any CPU
		{CFDEE3B6-DB8D-9C78-6365-BC9F679F8000}.Release|Any CPU.ActiveCfg = Release|Any CPU
		{CFDEE3B6-DB8D-9C78-6365-BC9F679F8000}.Release|Any CPU.Build.0 = Release|Any CPU
		{BEBB76F7-F723-64A7-402C-E7A061FB5EBA}.Debug|Any CPU.ActiveCfg = Debug|Any CPU
		{BEBB76F7-F723-64A7-402C-E7A061FB5EBA}.Debug|Any CPU.Build.0 = Debug|Any CPU
		{BEBB76F7-F723-64A7-402C-E7A061FB5EBA}.Release|Any CPU.ActiveCfg = Release|Any CPU
		{BEBB76F7-F723-64A7-402C-E7A061FB5EBA}.Release|Any CPU.Build.0 = Release|Any CPU
	EndGlobalSection
	GlobalSection(SolutionProperties) = preSolution
		HideSolutionNode = FALSE
	EndGlobalSection
	GlobalSection(MonoDevelopProperties) = preSolution
		StartupItem = Assembly-CSharp.csproj
	EndGlobalSection
EndGlobal
